
Microsoft Visual Studio Solution File, Format Version 12.00
# Visual Studio Version 17
VisualStudioVersion = 17.8.34408.163
MinimumVisualStudioVersion = 10.0.40219.1
Project("{9A19103F-16F7-4668-BE54-9A1E7A4F7556}") = "M001", "M001\M001.csproj", "{551C2A5F-5974-4CC9-BF45-80E38B7966DF}"
EndProject
Project("{9A19103F-16F7-4668-BE54-9A1E7A4F7556}") = "M002", "M002\M002.csproj", "{8E8F9DC8-2ECD-4200-81C0-55B362CC7F8A}"
EndProject
Project("{9A19103F-16F7-4668-BE54-9A1E7A4F7556}") = "M003", "M003\M003.csproj", "{B6C8F861-FE3E-4E20-B5AA-C8E688FE48ED}"
EndProject
Project("{2150E333-8FDC-42A3-9474-1A3956D46DE8}") = "Solution Items", "Solution Items", "{7433A43D-33B3-4251-9B65-66E2FD215569}"
	ProjectSection(SolutionItems) = preProject
		Shortcuts.txt = Shortcuts.txt
	EndProjectSection
EndProject
Project("{9A19103F-16F7-4668-BE54-9A1E7A4F7556}") = "M004", "M004\M004.csproj", "{4B8926D1-3A1B-4F38-A225-ECE5D3680D56}"
EndProject
Project("{9A19103F-16F7-4668-BE54-9A1E7A4F7556}") = "M005", "M005\M005.csproj", "{6726AB53-BD7C-4FAF-B9C8-CC75032D1052}"
EndProject
Project("{FAE04EC0-301F-11D3-BF4B-00C04F79EFBC}") = "M006", "M006\M006.csproj", "{6F482E02-7216-4503-A54B-B87DE02D0BCA}"
EndProject
Project("{FAE04EC0-301F-11D3-BF4B-00C04F79EFBC}") = "M008", "M008\M008.csproj", "{3F8E4CDF-2A48-4A07-B1D2-D8B06C27671B}"
EndProject
Global
	GlobalSection(SolutionConfigurationPlatforms) = preSolution
		Debug|Any CPU = Debug|Any CPU
		Release|Any CPU = Release|Any CPU
	EndGlobalSection
	GlobalSection(ProjectConfigurationPlatforms) = postSolution
		{551C2A5F-5974-4CC9-BF45-80E38B7966DF}.Debug|Any CPU.ActiveCfg = Debug|Any CPU
		{551C2A5F-5974-4CC9-BF45-80E38B7966DF}.Debug|Any CPU.Build.0 = Debug|Any CPU
		{551C2A5F-5974-4CC9-BF45-80E38B7966DF}.Release|Any CPU.ActiveCfg = Release|Any CPU
		{551C2A5F-5974-4CC9-BF45-80E38B7966DF}.Release|Any CPU.Build.0 = Release|Any CPU
		{8E8F9DC8-2ECD-4200-81C0-55B362CC7F8A}.Debug|Any CPU.ActiveCfg = Debug|Any CPU
		{8E8F9DC8-2ECD-4200-81C0-55B362CC7F8A}.Debug|Any CPU.Build.0 = Debug|Any CPU
		{8E8F9DC8-2ECD-4200-81C0-55B362CC7F8A}.Release|Any CPU.ActiveCfg = Release|Any CPU
		{8E8F9DC8-2ECD-4200-81C0-55B362CC7F8A}.Release|Any CPU.Build.0 = Release|Any CPU
		{B6C8F861-FE3E-4E20-B5AA-C8E688FE48ED}.Debug|Any CPU.ActiveCfg = Debug|Any CPU
		{B6C8F861-FE3E-4E20-B5AA-C8E688FE48ED}.Debug|Any CPU.Build.0 = Debug|Any CPU
		{B6C8F861-FE3E-4E20-B5AA-C8E688FE48ED}.Release|Any CPU.ActiveCfg = Release|Any CPU
		{B6C8F861-FE3E-4E20-B5AA-C8E688FE48ED}.Release|Any CPU.Build.0 = Release|Any CPU
		{4B8926D1-3A1B-4F38-A225-ECE5D3680D56}.Debug|Any CPU.ActiveCfg = Debug|Any CPU
		{4B8926D1-3A1B-4F38-A225-ECE5D3680D56}.Debug|Any CPU.Build.0 = Debug|Any CPU
		{4B8926D1-3A1B-4F38-A225-ECE5D3680D56}.Release|Any CPU.ActiveCfg = Release|Any CPU
		{4B8926D1-3A1B-4F38-A225-ECE5D3680D56}.Release|Any CPU.Build.0 = Release|Any CPU
		{6726AB53-BD7C-4FAF-B9C8-CC75032D1052}.Debug|Any CPU.ActiveCfg = Debug|Any CPU
		{6726AB53-BD7C-4FAF-B9C8-CC75032D1052}.Debug|Any CPU.Build.0 = Debug|Any CPU
		{6726AB53-BD7C-4FAF-B9C8-CC75032D1052}.Release|Any CPU.ActiveCfg = Release|Any CPU
		{6726AB53-BD7C-4FAF-B9C8-CC75032D1052}.Release|Any CPU.Build.0 = Release|Any CPU
		{6F482E02-7216-4503-A54B-B87DE02D0BCA}.Debug|Any CPU.ActiveCfg = Debug|Any CPU
		{6F482E02-7216-4503-A54B-B87DE02D0BCA}.Debug|Any CPU.Build.0 = Debug|Any CPU
		{6F482E02-7216-4503-A54B-B87DE02D0BCA}.Release|Any CPU.ActiveCfg = Release|Any CPU
		{6F482E02-7216-4503-A54B-B87DE02D0BCA}.Release|Any CPU.Build.0 = Release|Any CPU
		{3F8E4CDF-2A48-4A07-B1D2-D8B06C27671B}.Debug|Any CPU.ActiveCfg = Debug|Any CPU
		{3F8E4CDF-2A48-4A07-B1D2-D8B06C27671B}.Debug|Any CPU.Build.0 = Debug|Any CPU
		{3F8E4CDF-2A48-4A07-B1D2-D8B06C27671B}.Release|Any CPU.ActiveCfg = Release|Any CPU
		{3F8E4CDF-2A48-4A07-B1D2-D8B06C27671B}.Release|Any CPU.Build.0 = Release|Any CPU
	EndGlobalSection
	GlobalSection(SolutionProperties) = preSolution
		HideSolutionNode = FALSE
	EndGlobalSection
	GlobalSection(ExtensibilityGlobals) = postSolution
		SolutionGuid = {C6A267AA-810D-4042-95AD-B59847E0BBBC}
	EndGlobalSection
EndGlobal
